
Microsoft Visual Studio Solution File, Format Version 12.00
# Visual Studio Version 16
VisualStudioVersion = 16.0.31410.357
MinimumVisualStudioVersion = 10.0.40219.1
Project("{8BC9CEB8-8B4A-11D0-8D11-00A0C91BC942}") = "Playfair Cipher", "Playfair Cipher\Playfair Cipher.vcxproj", "{BC40F02B-D4AF-463B-8E91-C3ADBCE32894}"
EndProject
Global
	GlobalSection(SolutionConfigurationPlatforms) = preSolution
		Debug|x64 = Debug|x64
		Debug|x86 = Debug|x86
		Release|x64 = Release|x64
		Release|x86 = Release|x86
	EndGlobalSection
	GlobalSection(ProjectConfigurationPlatforms) = postSolution
		{BC40F02B-D4AF-463B-8E91-C3ADBCE32894}.Debug|x64.ActiveCfg = Debug|x64
		{BC40F02B-D4AF-463B-8E91-C3ADBCE32894}.Debug|x64.Build.0 = Debug|x64
		{BC40F02B-D4AF-463B-8E91-C3ADBCE32894}.Debug|x86.ActiveCfg = Debug|Win32
		{BC40F02B-D4AF-463B-8E91-C3ADBCE32894}.Debug|x86.Build.0 = Debug|Win32
		{BC40F02B-D4AF-463B-8E91-C3ADBCE32894}.Release|x64.ActiveCfg = Release|x64
		{BC40F02B-D4AF-463B-8E91-C3ADBCE32894}.Release|x64.Build.0 = Release|x64
		{BC40F02B-D4AF-463B-8E91-C3ADBCE32894}.Release|x86.ActiveCfg = Release|Win32
		{BC40F02B-D4AF-463B-8E91-C3ADBCE32894}.Release|x86.Build.0 = Release|Win32
	EndGlobalSection
	GlobalSection(SolutionProperties) = preSolution
		HideSolutionNode = FALSE
	EndGlobalSection
	GlobalSection(ExtensibilityGlobals) = postSolution
		SolutionGuid = {0511C3C3-C848-4026-BFB5-E7725529CC85}
	EndGlobalSection
EndGlobal
